# THIS IS AN AUTOGENERATED FILE. DO NOT EDIT THIS FILE DIRECTLY.
# yarn lockfile v1


css-modules-flow-types-printer@^1.0.0:
  version "1.0.0"
  resolved "https://registry.yarnpkg.com/css-modules-flow-types-printer/-/css-modules-flow-types-printer-1.0.0.tgz#93e13ba0144bedfe303b2fa9de62b10f732dcdd1"
